// !$*UTF8*$!
{
	archiveVersion = 1;
	classes = {
	};
	objectVersion = 46;
	objects = {

/* Begin PBXBuildFile section */
		EC5246EC1A8A7726009316F2 /* main.m in Sources */ = {isa = PBXBuildFile; fileRef = EC5246EB1A8A7726009316F2 /* main.m */; };
		EC5246EF1A8A7726009316F2 /* AppDelegate.m in Sources */ = {isa = PBXBuildFile; fileRef = EC5246EE1A8A7726009316F2 /* AppDelegate.m */; };
		EC5246F51A8A7726009316F2 /* Main.storyboard in Resources */ = {isa = PBXBuildFile; fileRef = EC5246F31A8A7726009316F2 /* Main.storyboard */; };
		EC5246F71A8A7726009316F2 /* Images.xcassets in Resources */ = {isa = PBXBuildFile; fileRef = EC5246F61A8A7726009316F2 /* Images.xcassets */; };
		EC5246FA1A8A7726009316F2 /* LaunchScreen.xib in Resources */ = {isa = PBXBuildFile; fileRef = EC5246F81A8A7726009316F2 /* LaunchScreen.xib */; };
		EC5247061A8A7726009316F2 /* ViewModelProjectTests.m in Sources */ = {isa = PBXBuildFile; fileRef = EC5247051A8A7726009316F2 /* ViewModelProjectTests.m */; };
		EC5247131A8A776A009316F2 /* UserTableViewController.m in Sources */ = {isa = PBXBuildFile; fileRef = EC5247121A8A776A009316F2 /* UserTableViewController.m */; };
		EC5247161A8A7791009316F2 /* UserTableViewModel.m in Sources */ = {isa = PBXBuildFile; fileRef = EC5247151A8A7791009316F2 /* UserTableViewModel.m */; };
		EC52471A1A8A779C009316F2 /* User.m in Sources */ = {isa = PBXBuildFile; fileRef = EC5247191A8A779C009316F2 /* User.m */; };
		EC52471E1A8A7880009316F2 /* LoginViewController.m in Sources */ = {isa = PBXBuildFile; fileRef = EC52471D1A8A7880009316F2 /* LoginViewController.m */; };
/* End PBXBuildFile section */

/* Begin PBXContainerItemProxy section */
		EC5247001A8A7726009316F2 /* PBXContainerItemProxy */ = {
			isa = PBXContainerItemProxy;
			containerPortal = EC5246DE1A8A7726009316F2 /* Project object */;
			proxyType = 1;
			remoteGlobalIDString = EC5246E51A8A7726009316F2;
			remoteInfo = ViewModelProject;
		};
/* End PBXContainerItemProxy section */

/* Begin PBXFileReference section */
		EC5246E61A8A7726009316F2 /* ViewModelProject.app */ = {isa = PBXFileReference; explicitFileType = wrapper.application; includeInIndex = 0; path = ViewModelProject.app; sourceTree = BUILT_PRODUCTS_DIR; };
		EC5246EA1A8A7726009316F2 /* Info.plist */ = {isa = PBXFileReference; lastKnownFileType = text.plist.xml; path = Info.plist; sourceTree = "<group>"; };
		EC5246EB1A8A7726009316F2 /* main.m */ = {isa = PBXFileReference; lastKnownFileType = sourcecode.c.objc; path = main.m; sourceTree = "<group>"; };
		EC5246ED1A8A7726009316F2 /* AppDelegate.h */ = {isa = PBXFileReference; lastKnownFileType = sourcecode.c.h; path = AppDelegate.h; sourceTree = "<group>"; };
		EC5246EE1A8A7726009316F2 /* AppDelegate.m */ = {isa = PBXFileReference; lastKnownFileType = sourcecode.c.objc; path = AppDelegate.m; sourceTree = "<group>"; };
		EC5246F41A8A7726009316F2 /* Base */ = {isa = PBXFileReference; lastKnownFileType = file.storyboard; name = Base; path = Base.lproj/Main.storyboard; sourceTree = "<group>"; };
		EC5246F61A8A7726009316F2 /* Images.xcassets */ = {isa = PBXFileReference; lastKnownFileType = folder.assetcatalog; path = Images.xcassets; sourceTree = "<group>"; };
		EC5246F91A8A7726009316F2 /* Base */ = {isa = PBXFileReference; lastKnownFileType = file.xib; name = Base; path = Base.lproj/LaunchScreen.xib; sourceTree = "<group>"; };
		EC5246FF1A8A7726009316F2 /* ViewModelProjectTests.xctest */ = {isa = PBXFileReference; explicitFileType = wrapper.cfbundle; includeInIndex = 0; path = ViewModelProjectTests.xctest; sourceTree = BUILT_PRODUCTS_DIR; };
		EC5247041A8A7726009316F2 /* Info.plist */ = {isa = PBXFileReference; lastKnownFileType = text.plist.xml; path = Info.plist; sourceTree = "<group>"; };
		EC5247051A8A7726009316F2 /* ViewModelProjectTests.m */ = {isa = PBXFileReference; lastKnownFileType = sourcecode.c.objc; path = ViewModelProjectTests.m; sourceTree = "<group>"; };
		EC5247111A8A776A009316F2 /* UserTableViewController.h */ = {isa = PBXFileReference; fileEncoding = 4; lastKnownFileType = sourcecode.c.h; path = UserTableViewController.h; sourceTree = "<group>"; };
		EC5247121A8A776A009316F2 /* UserTableViewController.m */ = {isa = PBXFileReference; fileEncoding = 4; lastKnownFileType = sourcecode.c.objc; path = UserTableViewController.m; sourceTree = "<group>"; };
		EC5247141A8A7791009316F2 /* UserTableViewModel.h */ = {isa = PBXFileReference; fileEncoding = 4; lastKnownFileType = sourcecode.c.h; path = UserTableViewModel.h; sourceTree = "<group>"; };
		EC5247151A8A7791009316F2 /* UserTableViewModel.m */ = {isa = PBXFileReference; fileEncoding = 4; lastKnownFileType = sourcecode.c.objc; path = UserTableViewModel.m; sourceTree = "<group>"; };
		EC5247181A8A779C009316F2 /* User.h */ = {isa = PBXFileReference; fileEncoding = 4; lastKnownFileType = sourcecode.c.h; path = User.h; sourceTree = "<group>"; };
		EC5247191A8A779C009316F2 /* User.m */ = {isa = PBXFileReference; fileEncoding = 4; lastKnownFileType = sourcecode.c.objc; path = User.m; sourceTree = "<group>"; };
		EC52471C1A8A7880009316F2 /* LoginViewController.h */ = {isa = PBXFileReference; fileEncoding = 4; lastKnownFileType = sourcecode.c.h; path = LoginViewController.h; sourceTree = "<group>"; };
		EC52471D1A8A7880009316F2 /* LoginViewController.m */ = {isa = PBXFileReference; fileEncoding = 4; lastKnownFileType = sourcecode.c.objc; path = LoginViewController.m; sourceTree = "<group>"; };
/* End PBXFileReference section */

/* Begin PBXFrameworksBuildPhase section */
		EC5246E31A8A7726009316F2 /* Frameworks */ = {
			isa = PBXFrameworksBuildPhase;
			buildActionMask = 2147483647;
			files = (
			);
			runOnlyForDeploymentPostprocessing = 0;
		};
		EC5246FC1A8A7726009316F2 /* Frameworks */ = {
			isa = PBXFrameworksBuildPhase;
			buildActionMask = 2147483647;
			files = (
			);
			runOnlyForDeploymentPostprocessing = 0;
		};
/* End PBXFrameworksBuildPhase section */

/* Begin PBXGroup section */
		EC5246DD1A8A7726009316F2 = {
			isa = PBXGroup;
			children = (
				EC5246E81A8A7726009316F2 /* ViewModelProject */,
				EC5247021A8A7726009316F2 /* ViewModelProjectTests */,
				EC5246E71A8A7726009316F2 /* Products */,
			);
			sourceTree = "<group>";
		};
		EC5246E71A8A7726009316F2 /* Products */ = {
			isa = PBXGroup;
			children = (
				EC5246E61A8A7726009316F2 /* ViewModelProject.app */,
				EC5246FF1A8A7726009316F2 /* ViewModelProjectTests.xctest */,
			);
			name = Products;
			sourceTree = "<group>";
		};
		EC5246E81A8A7726009316F2 /* ViewModelProject */ = {
			isa = PBXGroup;
			children = (
				EC5247171A8A7794009316F2 /* Model */,
				EC52470F1A8A772C009316F2 /* ViewController */,
				EC5246ED1A8A7726009316F2 /* AppDelegate.h */,
				EC5246EE1A8A7726009316F2 /* AppDelegate.m */,
				EC5246F31A8A7726009316F2 /* Main.storyboard */,
				EC5246F61A8A7726009316F2 /* Images.xcassets */,
				EC5246F81A8A7726009316F2 /* LaunchScreen.xib */,
				EC5246E91A8A7726009316F2 /* Supporting Files */,
			);
			path = ViewModelProject;
			sourceTree = "<group>";
		};
		EC5246E91A8A7726009316F2 /* Supporting Files */ = {
			isa = PBXGroup;
			children = (
				EC5246EA1A8A7726009316F2 /* Info.plist */,
				EC5246EB1A8A7726009316F2 /* main.m */,
			);
			name = "Supporting Files";
			sourceTree = "<group>";
		};
		EC5247021A8A7726009316F2 /* ViewModelProjectTests */ = {
			isa = PBXGroup;
			children = (
				EC5247051A8A7726009316F2 /* ViewModelProjectTests.m */,
				EC5247031A8A7726009316F2 /* Supporting Files */,
			);
			path = ViewModelProjectTests;
			sourceTree = "<group>";
		};
		EC5247031A8A7726009316F2 /* Supporting Files */ = {
			isa = PBXGroup;
			children = (
				EC5247041A8A7726009316F2 /* Info.plist */,
			);
			name = "Supporting Files";
			sourceTree = "<group>";
		};
		EC52470F1A8A772C009316F2 /* ViewController */ = {
			isa = PBXGroup;
			children = (
				EC52471B1A8A7871009316F2 /* LoginViewController */,
				EC5247101A8A7732009316F2 /* UserTableViewController */,
			);
			name = ViewController;
			sourceTree = "<group>";
		};
		EC5247101A8A7732009316F2 /* UserTableViewController */ = {
			isa = PBXGroup;
			children = (
				EC5247111A8A776A009316F2 /* UserTableViewController.h */,
				EC5247121A8A776A009316F2 /* UserTableViewController.m */,
				EC5247141A8A7791009316F2 /* UserTableViewModel.h */,
				EC5247151A8A7791009316F2 /* UserTableViewModel.m */,
			);
			name = UserTableViewController;
			sourceTree = "<group>";
		};
		EC5247171A8A7794009316F2 /* Model */ = {
			isa = PBXGroup;
			children = (
				EC5247181A8A779C009316F2 /* User.h */,
				EC5247191A8A779C009316F2 /* User.m */,
			);
			name = Model;
			sourceTree = "<group>";
		};
		EC52471B1A8A7871009316F2 /* LoginViewController */ = {
			isa = PBXGroup;
			children = (
				EC52471C1A8A7880009316F2 /* LoginViewController.h */,
				EC52471D1A8A7880009316F2 /* LoginViewController.m */,
			);
			name = LoginViewController;
			sourceTree = "<group>";
		};
/* End PBXGroup section */

/* Begin PBXNativeTarget section */
		EC5246E51A8A7726009316F2 /* ViewModelProject */ = {
			isa = PBXNativeTarget;
			buildConfigurationList = EC5247091A8A7726009316F2 /* Build configuration list for PBXNativeTarget "ViewModelProject" */;
			buildPhases = (
				EC5246E21A8A7726009316F2 /* Sources */,
				EC5246E31A8A7726009316F2 /* Frameworks */,
				EC5246E41A8A7726009316F2 /* Resources */,
			);
			buildRules = (
			);
			dependencies = (
			);
			name = ViewModelProject;
			productName = ViewModelProject;
			productReference = EC5246E61A8A7726009316F2 /* ViewModelProject.app */;
			productType = "com.apple.product-type.application";
		};
		EC5246FE1A8A7726009316F2 /* ViewModelProjectTests */ = {
			isa = PBXNativeTarget;
			buildConfigurationList = EC52470C1A8A7726009316F2 /* Build configuration list for PBXNativeTarget "ViewModelProjectTests" */;
			buildPhases = (
				EC5246FB1A8A7726009316F2 /* Sources */,
				EC5246FC1A8A7726009316F2 /* Frameworks */,
				EC5246FD1A8A7726009316F2 /* Resources */,
			);
			buildRules = (
			);
			dependencies = (
				EC5247011A8A7726009316F2 /* PBXTargetDependency */,
			);
			name = ViewModelProjectTests;
			productName = ViewModelProjectTests;
			productReference = EC5246FF1A8A7726009316F2 /* ViewModelProjectTests.xctest */;
			productType = "com.apple.product-type.bundle.unit-test";
		};
/* End PBXNativeTarget section */

/* Begin PBXProject section */
		EC5246DE1A8A7726009316F2 /* Project object */ = {
			isa = PBXProject;
			attributes = {
				LastUpgradeCheck = 0610;
				ORGANIZATIONNAME = CIT;
				TargetAttributes = {
					EC5246E51A8A7726009316F2 = {
						CreatedOnToolsVersion = 6.1;
					};
					EC5246FE1A8A7726009316F2 = {
						CreatedOnToolsVersion = 6.1;
						TestTargetID = EC5246E51A8A7726009316F2;
					};
				};
			};
			buildConfigurationList = EC5246E11A8A7726009316F2 /* Build configuration list for PBXProject "ViewModelProject" */;
			compatibilityVersion = "Xcode 3.2";
			developmentRegion = English;
			hasScannedForEncodings = 0;
			knownRegions = (
				en,
				Base,
			);
			mainGroup = EC5246DD1A8A7726009316F2;
			productRefGroup = EC5246E71A8A7726009316F2 /* Products */;
			projectDirPath = "";
			projectRoot = "";
			targets = (
				EC5246E51A8A7726009316F2 /* ViewModelProject */,
				EC5246FE1A8A7726009316F2 /* ViewModelProjectTests */,
			);
		};
/* End PBXProject section */

/* Begin PBXResourcesBuildPhase section */
		EC5246E41A8A7726009316F2 /* Resources */ = {
			isa = PBXResourcesBuildPhase;
			buildActionMask = 2147483647;
			files = (
				EC5246F51A8A7726009316F2 /* Main.storyboard in Resources */,
				EC5246FA1A8A7726009316F2 /* LaunchScreen.xib in Resources */,
				EC5246F71A8A7726009316F2 /* Images.xcassets in Resources */,
			);
			runOnlyForDeploymentPostprocessing = 0;
		};
		EC5246FD1A8A7726009316F2 /* Resources */ = {
			isa = PBXResourcesBuildPhase;
			buildActionMask = 2147483647;
			files = (
			);
			runOnlyForDeploymentPostprocessing = 0;
		};
/* End PBXResourcesBuildPhase section */

/* Begin PBXSourcesBuildPhase section */
		EC5246E21A8A7726009316F2 /* Sources */ = {
			isa = PBXSourcesBuildPhase;
			buildActionMask = 2147483647;
			files = (
				EC52471A1A8A779C009316F2 /* User.m in Sources */,
				EC5247131A8A776A009316F2 /* UserTableViewController.m in Sources */,
				EC52471E1A8A7880009316F2 /* LoginViewController.m in Sources */,
				EC5246EF1A8A7726009316F2 /* AppDelegate.m in Sources */,
				EC5247161A8A7791009316F2 /* UserTableViewModel.m in Sources */,
				EC5246EC1A8A7726009316F2 /* main.m in Sources */,
			);
			runOnlyForDeploymentPostprocessing = 0;
		};
		EC5246FB1A8A7726009316F2 /* Sources */ = {
			isa = PBXSourcesBuildPhase;
			buildActionMask = 2147483647;
			files = (
				EC5247061A8A7726009316F2 /* ViewModelProjectTests.m in Sources */,
			);
			runOnlyForDeploymentPostprocessing = 0;
		};
/* End PBXSourcesBuildPhase section */

/* Begin PBXTargetDependency section */
		EC5247011A8A7726009316F2 /* PBXTargetDependency */ = {
			isa = PBXTargetDependency;
			target = EC5246E51A8A7726009316F2 /* ViewModelProject */;
			targetProxy = EC5247001A8A7726009316F2 /* PBXContainerItemProxy */;
		};
/* End PBXTargetDependency section */

/* Begin PBXVariantGroup section */
		EC5246F31A8A7726009316F2 /* Main.storyboard */ = {
			isa = PBXVariantGroup;
			children = (
				EC5246F41A8A7726009316F2 /* Base */,
			);
			name = Main.storyboard;
			sourceTree = "<group>";
		};
		EC5246F81A8A7726009316F2 /* LaunchScreen.xib */ = {
			isa = PBXVariantGroup;
			children = (
				EC5246F91A8A7726009316F2 /* Base */,
			);
			name = LaunchScreen.xib;
			sourceTree = "<group>";
		};
/* End PBXVariantGroup section */

/* Begin XCBuildConfiguration section */
		EC5247071A8A7726009316F2 /* Debug */ = {
			isa = XCBuildConfiguration;
			buildSettings = {
				ALWAYS_SEARCH_USER_PATHS = NO;
				CLANG_CXX_LANGUAGE_STANDARD = "gnu++0x";
				CLANG_CXX_LIBRARY = "libc++";
				CLANG_ENABLE_MODULES = YES;
				CLANG_ENABLE_OBJC_ARC = YES;
				CLANG_WARN_BOOL_CONVERSION = YES;
				CLANG_WARN_CONSTANT_CONVERSION = YES;
				CLANG_WARN_DIRECT_OBJC_ISA_USAGE = YES_ERROR;
				CLANG_WARN_EMPTY_BODY = YES;
				CLANG_WARN_ENUM_CONVERSION = YES;
				CLANG_WARN_INT_CONVERSION = YES;
				CLANG_WARN_OBJC_ROOT_CLASS = YES_ERROR;
				CLANG_WARN_UNREACHABLE_CODE = YES;
				CLANG_WARN__DUPLICATE_METHOD_MATCH = YES;
				"CODE_SIGN_IDENTITY[sdk=iphoneos*]" = "iPhone Developer";
				COPY_PHASE_STRIP = NO;
				ENABLE_STRICT_OBJC_MSGSEND = YES;
				GCC_C_LANGUAGE_STANDARD = gnu99;
				GCC_DYNAMIC_NO_PIC = NO;
				GCC_OPTIMIZATION_LEVEL = 0;
				GCC_PREPROCESSOR_DEFINITIONS = (
					"DEBUG=1",
					"$(inherited)",
				);
				GCC_SYMBOLS_PRIVATE_EXTERN = NO;
				GCC_WARN_64_TO_32_BIT_CONVERSION = YES;
				GCC_WARN_ABOUT_RETURN_TYPE = YES_ERROR;
				GCC_WARN_UNDECLARED_SELECTOR = YES;
				GCC_WARN_UNINITIALIZED_AUTOS = YES_AGGRESSIVE;
				GCC_WARN_UNUSED_FUNCTION = YES;
				GCC_WARN_UNUSED_VARIABLE = YES;
				IPHONEOS_DEPLOYMENT_TARGET = 8.1;
				MTL_ENABLE_DEBUG_INFO = YES;
				ONLY_ACTIVE_ARCH = YES;
				SDKROOT = iphoneos;
				TARGETED_DEVICE_FAMILY = "1,2";
			};
			name = Debug;
		};
		EC5247081A8A7726009316F2 /* Release */ = {
			isa = XCBuildConfiguration;
			buildSettings = {
				ALWAYS_SEARCH_USER_PATHS = NO;
				CLANG_CXX_LANGUAGE_STANDARD = "gnu++0x";
				CLANG_CXX_LIBRARY = "libc++";
				CLANG_ENABLE_MODULES = YES;
				CLANG_ENABLE_OBJC_ARC = YES;
				CLANG_WARN_BOOL_CONVERSION = YES;
				CLANG_WARN_CONSTANT_CONVERSION = YES;
				CLANG_WARN_DIRECT_OBJC_ISA_USAGE = YES_ERROR;
				CLANG_WARN_EMPTY_BODY = YES;
				CLANG_WARN_ENUM_CONVERSION = YES;
				CLANG_WARN_INT_CONVERSION = YES;
				CLANG_WARN_OBJC_ROOT_CLASS = YES_ERROR;
				CLANG_WARN_UNREACHABLE_CODE = YES;
				CLANG_WARN__DUPLICATE_METHOD_MATCH = YES;
				"CODE_SIGN_IDENTITY[sdk=iphoneos*]" = "iPhone Developer";
				COPY_PHASE_STRIP = YES;
				ENABLE_NS_ASSERTIONS = NO;
				ENABLE_STRICT_OBJC_MSGSEND = YES;
				GCC_C_LANGUAGE_STANDARD = gnu99;
				GCC_WARN_64_TO_32_BIT_CONVERSION = YES;
				GCC_WARN_ABOUT_RETURN_TYPE = YES_ERROR;
				GCC_WARN_UNDECLARED_SELECTOR = YES;
				GCC_WARN_UNINITIALIZED_AUTOS = YES_AGGRESSIVE;
				GCC_WARN_UNUSED_FUNCTION = YES;
				GCC_WARN_UNUSED_VARIABLE = YES;
				IPHONEOS_DEPLOYMENT_TARGET = 8.1;
				MTL_ENABLE_DEBUG_INFO = NO;
				SDKROOT = iphoneos;
				TARGETED_DEVICE_FAMILY = "1,2";
				VALIDATE_PRODUCT = YES;
			};
			name = Release;
		};
		EC52470A1A8A7726009316F2 /* Debug */ = {
			isa = XCBuildConfiguration;
			buildSettings = {
				ASSETCATALOG_COMPILER_APPICON_NAME = AppIcon;
				INFOPLIST_FILE = ViewModelProject/Info.plist;
				LD_RUNPATH_SEARCH_PATHS = "$(inherited) @executable_path/Frameworks";
				PRODUCT_NAME = "$(TARGET_NAME)";
			};
			name = Debug;
		};
		EC52470B1A8A7726009316F2 /* Release */ = {
			isa = XCBuildConfiguration;
			buildSettings = {
				ASSETCATALOG_COMPILER_APPICON_NAME = AppIcon;
				INFOPLIST_FILE = ViewModelProject/Info.plist;
				LD_RUNPATH_SEARCH_PATHS = "$(inherited) @executable_path/Frameworks";
				PRODUCT_NAME = "$(TARGET_NAME)";
			};
			name = Release;
		};
		EC52470D1A8A7726009316F2 /* Debug */ = {
			isa = XCBuildConfiguration;
			buildSettings = {
				BUNDLE_LOADER = "$(TEST_HOST)";
				FRAMEWORK_SEARCH_PATHS = (
					"$(SDKROOT)/Developer/Library/Frameworks",
					"$(inherited)",
				);
				GCC_PREPROCESSOR_DEFINITIONS = (
					"DEBUG=1",
					"$(inherited)",
				);
				INFOPLIST_FILE = ViewModelProjectTests/Info.plist;
				LD_RUNPATH_SEARCH_PATHS = "$(inherited) @executable_path/Frameworks @loader_path/Frameworks";
				PRODUCT_NAME = "$(TARGET_NAME)";
				TEST_HOST = "$(BUILT_PRODUCTS_DIR)/ViewModelProject.app/ViewModelProject";
			};
			name = Debug;
		};
		EC52470E1A8A7726009316F2 /* Release */ = {
			isa = XCBuildConfiguration;
			buildSettings = {
				BUNDLE_LOADER = "$(TEST_HOST)";
				FRAMEWORK_SEARCH_PATHS = (
					"$(SDKROOT)/Developer/Library/Frameworks",
					"$(inherited)",
				);
				INFOPLIST_FILE = ViewModelProjectTests/Info.plist;
				LD_RUNPATH_SEARCH_PATHS = "$(inherited) @executable_path/Frameworks @loader_path/Frameworks";
				PRODUCT_NAME = "$(TARGET_NAME)";
				TEST_HOST = "$(BUILT_PRODUCTS_DIR)/ViewModelProject.app/ViewModelProject";
			};
			name = Release;
		};
/* End XCBuildConfiguration section */

/* Begin XCConfigurationList section */
		EC5246E11A8A7726009316F2 /* Build configuration list for PBXProject "ViewModelProject" */ = {
			isa = XCConfigurationList;
			buildConfigurations = (
				EC5247071A8A7726009316F2 /* Debug */,
				EC5247081A8A7726009316F2 /* Release */,
			);
			defaultConfigurationIsVisible = 0;
			defaultConfigurationName = Release;
		};
		EC5247091A8A7726009316F2 /* Build configuration list for PBXNativeTarget "ViewModelProject" */ = {
			isa = XCConfigurationList;
			buildConfigurations = (
				EC52470A1A8A7726009316F2 /* Debug */,
				EC52470B1A8A7726009316F2 /* Release */,
			);
			defaultConfigurationIsVisible = 0;
		};
		EC52470C1A8A7726009316F2 /* Build configuration list for PBXNativeTarget "ViewModelProjectTests" */ = {
			isa = XCConfigurationList;
			buildConfigurations = (
				EC52470D1A8A7726009316F2 /* Debug */,
				EC52470E1A8A7726009316F2 /* Release */,
			);
			defaultConfigurationIsVisible = 0;
		};
/* End XCConfigurationList section */
	};
	rootObject = EC5246DE1A8A7726009316F2 /* Project object */;
}
